Microsoft Visual Studio Solution File, Format Version 12.00
# Visual Studio Version 17
VisualStudioVersion = 17.5.2.0
MinimumVisualStudioVersion = 10.0.40219.1
Project("{FAE04EC0-301F-11D3-BF4B-00C04F79EFBC}") = "WeirdBlog.Utility", "WeirdBlog.Utility.csproj", "{9430C869-8CB0-15BE-5A6A-3D07A5D968A7}"
EndProject
Global
	GlobalSection(SolutionConfigurationPlatforms) = preSolution
		Debug|Any CPU = Debug|Any CPU
		Release|Any CPU = Release|Any CPU
	EndGlobalSection
	GlobalSection(ProjectConfigurationPlatforms) = postSolution
		{9430C869-8CB0-15BE-5A6A-3D07A5D968A7}.Debug|Any CPU.ActiveCfg = Debug|Any CPU
		{9430C869-8CB0-15BE-5A6A-3D07A5D968A7}.Debug|Any CPU.Build.0 = Debug|Any CPU
		{9430C869-8CB0-15BE-5A6A-3D07A5D968A7}.Release|Any CPU.ActiveCfg = Release|Any CPU
		{9430C869-8CB0-15BE-5A6A-3D07A5D968A7}.Release|Any CPU.Build.0 = Release|Any CPU
	EndGlobalSection
	GlobalSection(SolutionProperties) = preSolution
		HideSolutionNode = FALSE
	EndGlobalSection
	GlobalSection(ExtensibilityGlobals) = postSolution
		SolutionGuid = {E31D6037-1046-42A0-9A72-7BA8BDB4B837}
	EndGlobalSection
EndGlobal
